
Microsoft Visual Studio Solution File, Format Version 12.00
# Visual Studio Version 16
VisualStudioVersion = 16.0.29215.179
MinimumVisualStudioVersion = 10.0.40219.1
Project("{FAE04EC0-301F-11D3-BF4B-00C04F79EFBC}") = "Hotel", "Hotel\Hotel.csproj", "{E97E434D-28CF-4FFA-8761-EB2169502180}"
EndProject
Project("{FAE04EC0-301F-11D3-BF4B-00C04F79EFBC}") = "Data", "Data\Data.csproj", "{FF2F3573-6F33-47D6-9BBE-D19418AA2659}"
EndProject
Project("{FAE04EC0-301F-11D3-BF4B-00C04F79EFBC}") = "Model", "Model\Model.csproj", "{B604EC4A-4C5F-4B24-A7E7-D0D427FD4114}"
EndProject
Project("{FAE04EC0-301F-11D3-BF4B-00C04F79EFBC}") = "Services", "Services\Services.csproj", "{AA945270-CF3A-4F72-907B-0D4DE914A3ED}"
EndProject
Global
	GlobalSection(SolutionConfigurationPlatforms) = preSolution
		Debug|Any CPU = Debug|Any CPU
		Release|Any CPU = Release|Any CPU
	EndGlobalSection
	GlobalSection(ProjectConfigurationPlatforms) = postSolution
		{E97E434D-28CF-4FFA-8761-EB2169502180}.Debug|Any CPU.ActiveCfg = Debug|Any CPU
		{E97E434D-28CF-4FFA-8761-EB2169502180}.Debug|Any CPU.Build.0 = Debug|Any CPU
		{E97E434D-28CF-4FFA-8761-EB2169502180}.Release|Any CPU.ActiveCfg = Release|Any CPU
		{E97E434D-28CF-4FFA-8761-EB2169502180}.Release|Any CPU.Build.0 = Release|Any CPU
		{FF2F3573-6F33-47D6-9BBE-D19418AA2659}.Debug|Any CPU.ActiveCfg = Debug|Any CPU
		{FF2F3573-6F33-47D6-9BBE-D19418AA2659}.Debug|Any CPU.Build.0 = Debug|Any CPU
		{FF2F3573-6F33-47D6-9BBE-D19418AA2659}.Release|Any CPU.ActiveCfg = Release|Any CPU
		{FF2F3573-6F33-47D6-9BBE-D19418AA2659}.Release|Any CPU.Build.0 = Release|Any CPU
		{B604EC4A-4C5F-4B24-A7E7-D0D427FD4114}.Debug|Any CPU.ActiveCfg = Debug|Any CPU
		{B604EC4A-4C5F-4B24-A7E7-D0D427FD4114}.Debug|Any CPU.Build.0 = Debug|Any CPU
		{B604EC4A-4C5F-4B24-A7E7-D0D427FD4114}.Release|Any CPU.ActiveCfg = Release|Any CPU
		{B604EC4A-4C5F-4B24-A7E7-D0D427FD4114}.Release|Any CPU.Build.0 = Release|Any CPU
		{AA945270-CF3A-4F72-907B-0D4DE914A3ED}.Debug|Any CPU.ActiveCfg = Debug|Any CPU
		{AA945270-CF3A-4F72-907B-0D4DE914A3ED}.Debug|Any CPU.Build.0 = Debug|Any CPU
		{AA945270-CF3A-4F72-907B-0D4DE914A3ED}.Release|Any CPU.ActiveCfg = Release|Any CPU
		{AA945270-CF3A-4F72-907B-0D4DE914A3ED}.Release|Any CPU.Build.0 = Release|Any CPU
	EndGlobalSection
	GlobalSection(SolutionProperties) = preSolution
		HideSolutionNode = FALSE
	EndGlobalSection
	GlobalSection(ExtensibilityGlobals) = postSolution
		SolutionGuid = {EE0D58EF-C0C7-4431-8906-5A1AEFE1B70D}
	EndGlobalSection
EndGlobal
